
Microsoft Visual Studio Solution File, Format Version 12.00
# Visual Studio Version 17
VisualStudioVersion = 17.11.35327.3
MinimumVisualStudioVersion = 10.0.40219.1
Project("{9A19103F-16F7-4668-BE54-9A1E7A4F7556}") = "gateway", "gateway\gateway.csproj", "{37386E03-D179-42CA-887C-8E6F750D0205}"
EndProject
Project("{2150E333-8FDC-42A3-9474-1A3956D46DE8}") = "services", "services", "{CD13A370-EFA6-42EB-8DE2-144BB296ED6B}"
EndProject
Project("{9A19103F-16F7-4668-BE54-9A1E7A4F7556}") = "chat-service", "services\chat-service\chat-service.csproj", "{FC243A29-50BC-431B-8C48-1207A63F33AC}"
EndProject
Project("{9A19103F-16F7-4668-BE54-9A1E7A4F7556}") = "notification-service", "services\notification-service\notification-service.csproj", "{A31430A2-1025-4F7F-B5E2-82677E273D31}"
EndProject
Project("{9A19103F-16F7-4668-BE54-9A1E7A4F7556}") = "GrpcServices", "GrpcServices\GrpcServices.csproj", "{1871D3D4-982E-4A2D-A217-A5D2B8E4F8D9}"
EndProject
Project("{2150E333-8FDC-42A3-9474-1A3956D46DE8}") = "docker", "docker", "{D54DD181-4CEC-421B-874F-DE396C119283}"
	ProjectSection(SolutionItems) = preProject
		docker\docker-compose.yml = docker\docker-compose.yml
	EndProjectSection
EndProject
Project("{9A19103F-16F7-4668-BE54-9A1E7A4F7556}") = "shared-libraries", "services\shared-libraries\shared-libraries.csproj", "{B4440D75-E1CA-4F2D-A1CC-D84CDB0498CF}"
EndProject
Global
	GlobalSection(SolutionConfigurationPlatforms) = preSolution
		Debug|Any CPU = Debug|Any CPU
		Release|Any CPU = Release|Any CPU
	EndGlobalSection
	GlobalSection(ProjectConfigurationPlatforms) = postSolution
		{37386E03-D179-42CA-887C-8E6F750D0205}.Debug|Any CPU.ActiveCfg = Debug|Any CPU
		{37386E03-D179-42CA-887C-8E6F750D0205}.Debug|Any CPU.Build.0 = Debug|Any CPU
		{37386E03-D179-42CA-887C-8E6F750D0205}.Release|Any CPU.ActiveCfg = Release|Any CPU
		{37386E03-D179-42CA-887C-8E6F750D0205}.Release|Any CPU.Build.0 = Release|Any CPU
		{FC243A29-50BC-431B-8C48-1207A63F33AC}.Debug|Any CPU.ActiveCfg = Debug|Any CPU
		{FC243A29-50BC-431B-8C48-1207A63F33AC}.Debug|Any CPU.Build.0 = Debug|Any CPU
		{FC243A29-50BC-431B-8C48-1207A63F33AC}.Release|Any CPU.ActiveCfg = Release|Any CPU
		{FC243A29-50BC-431B-8C48-1207A63F33AC}.Release|Any CPU.Build.0 = Release|Any CPU
		{A31430A2-1025-4F7F-B5E2-82677E273D31}.Debug|Any CPU.ActiveCfg = Debug|Any CPU
		{A31430A2-1025-4F7F-B5E2-82677E273D31}.Debug|Any CPU.Build.0 = Debug|Any CPU
		{A31430A2-1025-4F7F-B5E2-82677E273D31}.Release|Any CPU.ActiveCfg = Release|Any CPU
		{A31430A2-1025-4F7F-B5E2-82677E273D31}.Release|Any CPU.Build.0 = Release|Any CPU
		{1871D3D4-982E-4A2D-A217-A5D2B8E4F8D9}.Debug|Any CPU.ActiveCfg = Debug|Any CPU
		{1871D3D4-982E-4A2D-A217-A5D2B8E4F8D9}.Debug|Any CPU.Build.0 = Debug|Any CPU
		{1871D3D4-982E-4A2D-A217-A5D2B8E4F8D9}.Release|Any CPU.ActiveCfg = Release|Any CPU
		{1871D3D4-982E-4A2D-A217-A5D2B8E4F8D9}.Release|Any CPU.Build.0 = Release|Any CPU
		{B4440D75-E1CA-4F2D-A1CC-D84CDB0498CF}.Debug|Any CPU.ActiveCfg = Debug|Any CPU
		{B4440D75-E1CA-4F2D-A1CC-D84CDB0498CF}.Debug|Any CPU.Build.0 = Debug|Any CPU
		{B4440D75-E1CA-4F2D-A1CC-D84CDB0498CF}.Release|Any CPU.ActiveCfg = Release|Any CPU
		{B4440D75-E1CA-4F2D-A1CC-D84CDB0498CF}.Release|Any CPU.Build.0 = Release|Any CPU
	EndGlobalSection
	GlobalSection(SolutionProperties) = preSolution
		HideSolutionNode = FALSE
	EndGlobalSection
	GlobalSection(NestedProjects) = preSolution
		{FC243A29-50BC-431B-8C48-1207A63F33AC} = {CD13A370-EFA6-42EB-8DE2-144BB296ED6B}
		{A31430A2-1025-4F7F-B5E2-82677E273D31} = {CD13A370-EFA6-42EB-8DE2-144BB296ED6B}
		{B4440D75-E1CA-4F2D-A1CC-D84CDB0498CF} = {CD13A370-EFA6-42EB-8DE2-144BB296ED6B}
	EndGlobalSection
	GlobalSection(ExtensibilityGlobals) = postSolution
		SolutionGuid = {7E14DCAD-F67C-4E5C-82BC-157186D49E19}
	EndGlobalSection
EndGlobal
